
Microsoft Visual Studio Solution File, Format Version 12.00
# Visual Studio Version 17
VisualStudioVersion = 17.4.33110.190
MinimumVisualStudioVersion = 10.0.40219.1
Project("{FAE04EC0-301F-11D3-BF4B-00C04F79EFBC}") = "KoolBadmaevLab2", "KoolBadmaevLab2\KoolBadmaevLab2.csproj", "{3EE17663-7859-4AD4-9F52-7AE8B5A3E2C6}"
EndProject
Global
	GlobalSection(SolutionConfigurationPlatforms) = preSolution
		Debug|Any CPU = Debug|Any CPU
		Release|Any CPU = Release|Any CPU
	EndGlobalSection
	GlobalSection(ProjectConfigurationPlatforms) = postSolution
		{3EE17663-7859-4AD4-9F52-7AE8B5A3E2C6}.Debug|Any CPU.ActiveCfg = Debug|Any CPU
		{3EE17663-7859-4AD4-9F52-7AE8B5A3E2C6}.Debug|Any CPU.Build.0 = Debug|Any CPU
		{3EE17663-7859-4AD4-9F52-7AE8B5A3E2C6}.Release|Any CPU.ActiveCfg = Release|Any CPU
		{3EE17663-7859-4AD4-9F52-7AE8B5A3E2C6}.Release|Any CPU.Build.0 = Release|Any CPU
	EndGlobalSection
	GlobalSection(SolutionProperties) = preSolution
		HideSolutionNode = FALSE
	EndGlobalSection
	GlobalSection(ExtensibilityGlobals) = postSolution
		SolutionGuid = {BA0C04EE-A310-4064-98C7-040C1F5271CE}
	EndGlobalSection
EndGlobal
